
Microsoft Visual Studio Solution File, Format Version 12.00
# Visual Studio 15
VisualStudioVersion = 15.0.28307.852
MinimumVisualStudioVersion = 10.0.40219.1
Project("{00D1A9C2-B5F0-4AF3-8072-F6C62B433612}") = "UsersPermissionsDB", "UsersPermissionsDB\UsersPermissionsDB.sqlproj", "{1BF18168-F329-495D-8596-50970E1F966A}"
EndProject
Project("{FAE04EC0-301F-11D3-BF4B-00C04F79EFBC}") = "DataAccess", "DataAccess\DataAccess.csproj", "{DBCC61AA-D127-43EB-A369-66CCBE0588A4}"
EndProject
Project("{FAE04EC0-301F-11D3-BF4B-00C04F79EFBC}") = "Client", "Client\Client.csproj", "{AA1AE746-68BD-4A4A-A784-BF52DF22B539}"
EndProject
Global
	GlobalSection(SolutionConfigurationPlatforms) = preSolution
		Debug|Any CPU = Debug|Any CPU
		Release|Any CPU = Release|Any CPU
	EndGlobalSection
	GlobalSection(ProjectConfigurationPlatforms) = postSolution
		{1BF18168-F329-495D-8596-50970E1F966A}.Debug|Any CPU.ActiveCfg = Debug|Any CPU
		{1BF18168-F329-495D-8596-50970E1F966A}.Debug|Any CPU.Build.0 = Debug|Any CPU
		{1BF18168-F329-495D-8596-50970E1F966A}.Debug|Any CPU.Deploy.0 = Debug|Any CPU
		{1BF18168-F329-495D-8596-50970E1F966A}.Release|Any CPU.ActiveCfg = Release|Any CPU
		{1BF18168-F329-495D-8596-50970E1F966A}.Release|Any CPU.Build.0 = Release|Any CPU
		{1BF18168-F329-495D-8596-50970E1F966A}.Release|Any CPU.Deploy.0 = Release|Any CPU
		{DBCC61AA-D127-43EB-A369-66CCBE0588A4}.Debug|Any CPU.ActiveCfg = Debug|Any CPU
		{DBCC61AA-D127-43EB-A369-66CCBE0588A4}.Debug|Any CPU.Build.0 = Debug|Any CPU
		{DBCC61AA-D127-43EB-A369-66CCBE0588A4}.Release|Any CPU.ActiveCfg = Release|Any CPU
		{DBCC61AA-D127-43EB-A369-66CCBE0588A4}.Release|Any CPU.Build.0 = Release|Any CPU
		{AA1AE746-68BD-4A4A-A784-BF52DF22B539}.Debug|Any CPU.ActiveCfg = Debug|Any CPU
		{AA1AE746-68BD-4A4A-A784-BF52DF22B539}.Debug|Any CPU.Build.0 = Debug|Any CPU
		{AA1AE746-68BD-4A4A-A784-BF52DF22B539}.Release|Any CPU.ActiveCfg = Release|Any CPU
		{AA1AE746-68BD-4A4A-A784-BF52DF22B539}.Release|Any CPU.Build.0 = Release|Any CPU
	EndGlobalSection
	GlobalSection(SolutionProperties) = preSolution
		HideSolutionNode = FALSE
	EndGlobalSection
	GlobalSection(ExtensibilityGlobals) = postSolution
		SolutionGuid = {8326A3B0-6BA1-4D45-B676-0E676B42B0BA}
	EndGlobalSection
EndGlobal
