
Microsoft Visual Studio Solution File, Format Version 12.00
# Visual Studio Version 16
VisualStudioVersion = 16.0.30225.117
MinimumVisualStudioVersion = 10.0.40219.1
Project("{00D1A9C2-B5F0-4AF3-8072-F6C62B433612}") = "UsersPermissionsDB", "UsersPermissionsDB\UsersPermissionsDB.sqlproj", "{1BF18168-F329-495D-8596-50970E1F966A}"
EndProject
Project("{FAE04EC0-301F-11D3-BF4B-00C04F79EFBC}") = "DataAccess", "DataAccess\DataAccess.csproj", "{DBCC61AA-D127-43EB-A369-66CCBE0588A4}"
EndProject
Project("{9A19103F-16F7-4668-BE54-9A1E7A4F7556}") = "DataAccessCore", "DataAccessCore\DataAccessCore.csproj", "{906FA802-0ACB-4BA4-91A6-C5662AAF3FD2}"
EndProject
Project("{9A19103F-16F7-4668-BE54-9A1E7A4F7556}") = "DataAccessCore.Tests", "DataAccessCore.Tests\DataAccessCore.Tests.csproj", "{E1841C0C-A189-4331-8DBF-6C37422BA78C}"
EndProject
Project("{FAE04EC0-301F-11D3-BF4B-00C04F79EFBC}") = "ConsoleClient", "ConsoleClient\ConsoleClient.csproj", "{4B425A5D-60A9-4839-8205-A849A763E19B}"
EndProject
Global
	GlobalSection(SolutionConfigurationPlatforms) = preSolution
		Debug|Any CPU = Debug|Any CPU
		Release|Any CPU = Release|Any CPU
	EndGlobalSection
	GlobalSection(ProjectConfigurationPlatforms) = postSolution
		{1BF18168-F329-495D-8596-50970E1F966A}.Debug|Any CPU.ActiveCfg = Debug|Any CPU
		{1BF18168-F329-495D-8596-50970E1F966A}.Debug|Any CPU.Build.0 = Debug|Any CPU
		{1BF18168-F329-495D-8596-50970E1F966A}.Debug|Any CPU.Deploy.0 = Debug|Any CPU
		{1BF18168-F329-495D-8596-50970E1F966A}.Release|Any CPU.ActiveCfg = Release|Any CPU
		{1BF18168-F329-495D-8596-50970E1F966A}.Release|Any CPU.Build.0 = Release|Any CPU
		{1BF18168-F329-495D-8596-50970E1F966A}.Release|Any CPU.Deploy.0 = Release|Any CPU
		{DBCC61AA-D127-43EB-A369-66CCBE0588A4}.Debug|Any CPU.ActiveCfg = Debug|Any CPU
		{DBCC61AA-D127-43EB-A369-66CCBE0588A4}.Debug|Any CPU.Build.0 = Debug|Any CPU
		{DBCC61AA-D127-43EB-A369-66CCBE0588A4}.Release|Any CPU.ActiveCfg = Release|Any CPU
		{DBCC61AA-D127-43EB-A369-66CCBE0588A4}.Release|Any CPU.Build.0 = Release|Any CPU
		{906FA802-0ACB-4BA4-91A6-C5662AAF3FD2}.Debug|Any CPU.ActiveCfg = Debug|Any CPU
		{906FA802-0ACB-4BA4-91A6-C5662AAF3FD2}.Debug|Any CPU.Build.0 = Debug|Any CPU
		{906FA802-0ACB-4BA4-91A6-C5662AAF3FD2}.Release|Any CPU.ActiveCfg = Release|Any CPU
		{906FA802-0ACB-4BA4-91A6-C5662AAF3FD2}.Release|Any CPU.Build.0 = Release|Any CPU
		{E1841C0C-A189-4331-8DBF-6C37422BA78C}.Debug|Any CPU.ActiveCfg = Debug|Any CPU
		{E1841C0C-A189-4331-8DBF-6C37422BA78C}.Debug|Any CPU.Build.0 = Debug|Any CPU
		{E1841C0C-A189-4331-8DBF-6C37422BA78C}.Release|Any CPU.ActiveCfg = Release|Any CPU
		{E1841C0C-A189-4331-8DBF-6C37422BA78C}.Release|Any CPU.Build.0 = Release|Any CPU
		{4B425A5D-60A9-4839-8205-A849A763E19B}.Debug|Any CPU.ActiveCfg = Debug|Any CPU
		{4B425A5D-60A9-4839-8205-A849A763E19B}.Debug|Any CPU.Build.0 = Debug|Any CPU
		{4B425A5D-60A9-4839-8205-A849A763E19B}.Release|Any CPU.ActiveCfg = Release|Any CPU
		{4B425A5D-60A9-4839-8205-A849A763E19B}.Release|Any CPU.Build.0 = Release|Any CPU
	EndGlobalSection
	GlobalSection(SolutionProperties) = preSolution
		HideSolutionNode = FALSE
	EndGlobalSection
	GlobalSection(ExtensibilityGlobals) = postSolution
		SolutionGuid = {8326A3B0-6BA1-4D45-B676-0E676B42B0BA}
	EndGlobalSection
EndGlobal
